// !$*UTF8*$!
{
	archiveVersion = 1;
	classes = {
	};
	objectVersion = 56;
	objects = {

/* Begin PBXBuildFile section */
		DB3389542BDFFBCF0020CED7 /* AppDelegate.swift in Sources */ = {isa = PBXBuildFile; fileRef = DB3389532BDFFBCF0020CED7 /* AppDelegate.swift */; };
		DB3389562BDFFBCF0020CED7 /* SceneDelegate.swift in Sources */ = {isa = PBXBuildFile; fileRef = DB3389552BDFFBCF0020CED7 /* SceneDelegate.swift */; };
		DB3389582BDFFBCF0020CED7 /* ViewController.swift in Sources */ = {isa = PBXBuildFile; fileRef = DB3389572BDFFBCF0020CED7 /* ViewController.swift */; };
		DB33895B2BDFFBCF0020CED7 /* Base in Resources */ = {isa = PBXBuildFile; fileRef = DB33895A2BDFFBCF0020CED7 /* Base */; };
		DB33895D2BDFFBD00020CED7 /* Assets.xcassets in Resources */ = {isa = PBXBuildFile; fileRef = DB33895C2BDFFBD00020CED7 /* Assets.xcassets */; };
		DB3389602BDFFBD00020CED7 /* Base in Resources */ = {isa = PBXBuildFile; fileRef = DB33895F2BDFFBD00020CED7 /* Base */; };
		DB33896B2BDFFBD00020CED7 /* ContestTests.swift in Sources */ = {isa = PBXBuildFile; fileRef = DB33896A2BDFFBD00020CED7 /* ContestTests.swift */; };
		DB3389752BDFFBD00020CED7 /* ContestUITests.swift in Sources */ = {isa = PBXBuildFile; fileRef = DB3389742BDFFBD00020CED7 /* ContestUITests.swift */; };
		DB3389772BDFFBD00020CED7 /* ContestUITestsLaunchTests.swift in Sources */ = {isa = PBXBuildFile; fileRef = DB3389762BDFFBD00020CED7 /* ContestUITestsLaunchTests.swift */; };
/* End PBXBuildFile section */

/* Begin PBXContainerItemProxy section */
		DB3389672BDFFBD00020CED7 /* PBXContainerItemProxy */ = {
			isa = PBXContainerItemProxy;
			containerPortal = DB3389482BDFFBCF0020CED7 /* Project object */;
			proxyType = 1;
			remoteGlobalIDString = DB33894F2BDFFBCF0020CED7;
			remoteInfo = Contest;
		};
		DB3389712BDFFBD00020CED7 /* PBXContainerItemProxy */ = {
			isa = PBXContainerItemProxy;
			containerPortal = DB3389482BDFFBCF0020CED7 /* Project object */;
			proxyType = 1;
			remoteGlobalIDString = DB33894F2BDFFBCF0020CED7;
			remoteInfo = Contest;
		};
/* End PBXContainerItemProxy section */

/* Begin PBXFileReference section */
		DB3389502BDFFBCF0020CED7 /* Contest.app */ = {isa = PBXFileReference; explicitFileType = wrapper.application; includeInIndex = 0; path = Contest.app; sourceTree = BUILT_PRODUCTS_DIR; };
		DB3389532BDFFBCF0020CED7 /* AppDelegate.swift */ = {isa = PBXFileReference; lastKnownFileType = sourcecode.swift; path = AppDelegate.swift; sourceTree = "<group>"; };
		DB3389552BDFFBCF0020CED7 /* SceneDelegate.swift */ = {isa = PBXFileReference; lastKnownFileType = sourcecode.swift; path = SceneDelegate.swift; sourceTree = "<group>"; };
		DB3389572BDFFBCF0020CED7 /* ViewController.swift */ = {isa = PBXFileReference; lastKnownFileType = sourcecode.swift; path = ViewController.swift; sourceTree = "<group>"; };
		DB33895A2BDFFBCF0020CED7 /* Base */ = {isa = PBXFileReference; lastKnownFileType = file.storyboard; name = Base; path = Base.lproj/Main.storyboard; sourceTree = "<group>"; };
		DB33895C2BDFFBD00020CED7 /* Assets.xcassets */ = {isa = PBXFileReference; lastKnownFileType = folder.assetcatalog; path = Assets.xcassets; sourceTree = "<group>"; };
		DB33895F2BDFFBD00020CED7 /* Base */ = {isa = PBXFileReference; lastKnownFileType = file.storyboard; name = Base; path = Base.lproj/LaunchScreen.storyboard; sourceTree = "<group>"; };
		DB3389612BDFFBD00020CED7 /* Info.plist */ = {isa = PBXFileReference; lastKnownFileType = text.plist.xml; path = Info.plist; sourceTree = "<group>"; };
		DB3389662BDFFBD00020CED7 /* ContestTests.xctest */ = {isa = PBXFileReference; explicitFileType = wrapper.cfbundle; includeInIndex = 0; path = ContestTests.xctest; sourceTree = BUILT_PRODUCTS_DIR; };
		DB33896A2BDFFBD00020CED7 /* ContestTests.swift */ = {isa = PBXFileReference; lastKnownFileType = sourcecode.swift; path = ContestTests.swift; sourceTree = "<group>"; };
		DB3389702BDFFBD00020CED7 /* ContestUITests.xctest */ = {isa = PBXFileReference; explicitFileType = wrapper.cfbundle; includeInIndex = 0; path = ContestUITests.xctest; sourceTree = BUILT_PRODUCTS_DIR; };
		DB3389742BDFFBD00020CED7 /* ContestUITests.swift */ = {isa = PBXFileReference; lastKnownFileType = sourcecode.swift; path = ContestUITests.swift; sourceTree = "<group>"; };
		DB3389762BDFFBD00020CED7 /* ContestUITestsLaunchTests.swift */ = {isa = PBXFileReference; lastKnownFileType = sourcecode.swift; path = ContestUITestsLaunchTests.swift; sourceTree = "<group>"; };
/* End PBXFileReference section */

/* Begin PBXFrameworksBuildPhase section */
		DB33894D2BDFFBCF0020CED7 /* Frameworks */ = {
			isa = PBXFrameworksBuildPhase;
			buildActionMask = 2147483647;
			files = (
			);
			runOnlyForDeploymentPostprocessing = 0;
		};
		DB3389632BDFFBD00020CED7 /* Frameworks */ = {
			isa = PBXFrameworksBuildPhase;
			buildActionMask = 2147483647;
			files = (
			);
			runOnlyForDeploymentPostprocessing = 0;
		};
		DB33896D2BDFFBD00020CED7 /* Frameworks */ = {
			isa = PBXFrameworksBuildPhase;
			buildActionMask = 2147483647;
			files = (
			);
			runOnlyForDeploymentPostprocessing = 0;
		};
/* End PBXFrameworksBuildPhase section */

/* Begin PBXGroup section */
		DB3389472BDFFBCF0020CED7 = {
			isa = PBXGroup;
			children = (
				DB3389522BDFFBCF0020CED7 /* Contest */,
				DB3389692BDFFBD00020CED7 /* ContestTests */,
				DB3389732BDFFBD00020CED7 /* ContestUITests */,
				DB3389512BDFFBCF0020CED7 /* Products */,
			);
			sourceTree = "<group>";
		};
		DB3389512BDFFBCF0020CED7 /* Products */ = {
			isa = PBXGroup;
			children = (
				DB3389502BDFFBCF0020CED7 /* Contest.app */,
				DB3389662BDFFBD00020CED7 /* ContestTests.xctest */,
				DB3389702BDFFBD00020CED7 /* ContestUITests.xctest */,
			);
			name = Products;
			sourceTree = "<group>";
		};
		DB3389522BDFFBCF0020CED7 /* Contest */ = {
			isa = PBXGroup;
			children = (
				DB3389532BDFFBCF0020CED7 /* AppDelegate.swift */,
				DB3389552BDFFBCF0020CED7 /* SceneDelegate.swift */,
				DB3389572BDFFBCF0020CED7 /* ViewController.swift */,
				DB3389592BDFFBCF0020CED7 /* Main.storyboard */,
				DB33895C2BDFFBD00020CED7 /* Assets.xcassets */,
				DB33895E2BDFFBD00020CED7 /* LaunchScreen.storyboard */,
				DB3389612BDFFBD00020CED7 /* Info.plist */,
			);
			path = Contest;
			sourceTree = "<group>";
		};
		DB3389692BDFFBD00020CED7 /* ContestTests */ = {
			isa = PBXGroup;
			children = (
				DB33896A2BDFFBD00020CED7 /* ContestTests.swift */,
			);
			path = ContestTests;
			sourceTree = "<group>";
		};
		DB3389732BDFFBD00020CED7 /* ContestUITests */ = {
			isa = PBXGroup;
			children = (
				DB3389742BDFFBD00020CED7 /* ContestUITests.swift */,
				DB3389762BDFFBD00020CED7 /* ContestUITestsLaunchTests.swift */,
			);
			path = ContestUITests;
			sourceTree = "<group>";
		};
/* End PBXGroup section */

/* Begin PBXNativeTarget section */
		DB33894F2BDFFBCF0020CED7 /* Contest */ = {
			isa = PBXNativeTarget;
			buildConfigurationList = DB33897A2BDFFBD10020CED7 /* Build configuration list for PBXNativeTarget "Contest" */;
			buildPhases = (
				DB33894C2BDFFBCF0020CED7 /* Sources */,
				DB33894D2BDFFBCF0020CED7 /* Frameworks */,
				DB33894E2BDFFBCF0020CED7 /* Resources */,
			);
			buildRules = (
			);
			dependencies = (
			);
			name = Contest;
			productName = Contest;
			productReference = DB3389502BDFFBCF0020CED7 /* Contest.app */;
			productType = "com.apple.product-type.application";
		};
		DB3389652BDFFBD00020CED7 /* ContestTests */ = {
			isa = PBXNativeTarget;
			buildConfigurationList = DB33897D2BDFFBD10020CED7 /* Build configuration list for PBXNativeTarget "ContestTests" */;
			buildPhases = (
				DB3389622BDFFBD00020CED7 /* Sources */,
				DB3389632BDFFBD00020CED7 /* Frameworks */,
				DB3389642BDFFBD00020CED7 /* Resources */,
			);
			buildRules = (
			);
			dependencies = (
				DB3389682BDFFBD00020CED7 /* PBXTargetDependency */,
			);
			name = ContestTests;
			productName = ContestTests;
			productReference = DB3389662BDFFBD00020CED7 /* ContestTests.xctest */;
			productType = "com.apple.product-type.bundle.unit-test";
		};
		DB33896F2BDFFBD00020CED7 /* ContestUITests */ = {
			isa = PBXNativeTarget;
			buildConfigurationList = DB3389802BDFFBD10020CED7 /* Build configuration list for PBXNativeTarget "ContestUITests" */;
			buildPhases = (
				DB33896C2BDFFBD00020CED7 /* Sources */,
				DB33896D2BDFFBD00020CED7 /* Frameworks */,
				DB33896E2BDFFBD00020CED7 /* Resources */,
			);
			buildRules = (
			);
			dependencies = (
				DB3389722BDFFBD00020CED7 /* PBXTargetDependency */,
			);
			name = ContestUITests;
			productName = ContestUITests;
			productReference = DB3389702BDFFBD00020CED7 /* ContestUITests.xctest */;
			productType = "com.apple.product-type.bundle.ui-testing";
		};
/* End PBXNativeTarget section */

/* Begin PBXProject section */
		DB3389482BDFFBCF0020CED7 /* Project object */ = {
			isa = PBXProject;
			attributes = {
				BuildIndependentTargetsInParallel = 1;
				LastSwiftUpdateCheck = 1530;
				LastUpgradeCheck = 1530;
				TargetAttributes = {
					DB33894F2BDFFBCF0020CED7 = {
						CreatedOnToolsVersion = 15.3;
					};
					DB3389652BDFFBD00020CED7 = {
						CreatedOnToolsVersion = 15.3;
						TestTargetID = DB33894F2BDFFBCF0020CED7;
					};
					DB33896F2BDFFBD00020CED7 = {
						CreatedOnToolsVersion = 15.3;
						TestTargetID = DB33894F2BDFFBCF0020CED7;
					};
				};
			};
			buildConfigurationList = DB33894B2BDFFBCF0020CED7 /* Build configuration list for PBXProject "Contest" */;
			compatibilityVersion = "Xcode 14.0";
			developmentRegion = en;
			hasScannedForEncodings = 0;
			knownRegions = (
				en,
				Base,
			);
			mainGroup = DB3389472BDFFBCF0020CED7;
			productRefGroup = DB3389512BDFFBCF0020CED7 /* Products */;
			projectDirPath = "";
			projectRoot = "";
			targets = (
				DB33894F2BDFFBCF0020CED7 /* Contest */,
				DB3389652BDFFBD00020CED7 /* ContestTests */,
				DB33896F2BDFFBD00020CED7 /* ContestUITests */,
			);
		};
/* End PBXProject section */

/* Begin PBXResourcesBuildPhase section */
		DB33894E2BDFFBCF0020CED7 /* Resources */ = {
			isa = PBXResourcesBuildPhase;
			buildActionMask = 2147483647;
			files = (
				DB33895D2BDFFBD00020CED7 /* Assets.xcassets in Resources */,
				DB3389602BDFFBD00020CED7 /* Base in Resources */,
				DB33895B2BDFFBCF0020CED7 /* Base in Resources */,
			);
			runOnlyForDeploymentPostprocessing = 0;
		};
		DB3389642BDFFBD00020CED7 /* Resources */ = {
			isa = PBXResourcesBuildPhase;
			buildActionMask = 2147483647;
			files = (
			);
			runOnlyForDeploymentPostprocessing = 0;
		};
		DB33896E2BDFFBD00020CED7 /* Resources */ = {
			isa = PBXResourcesBuildPhase;
			buildActionMask = 2147483647;
			files = (
			);
			runOnlyForDeploymentPostprocessing = 0;
		};
/* End PBXResourcesBuildPhase section */

/* Begin PBXSourcesBuildPhase section */
		DB33894C2BDFFBCF0020CED7 /* Sources */ = {
			isa = PBXSourcesBuildPhase;
			buildActionMask = 2147483647;
			files = (
				DB3389582BDFFBCF0020CED7 /* ViewController.swift in Sources */,
				DB3389542BDFFBCF0020CED7 /* AppDelegate.swift in Sources */,
				DB3389562BDFFBCF0020CED7 /* SceneDelegate.swift in Sources */,
			);
			runOnlyForDeploymentPostprocessing = 0;
		};
		DB3389622BDFFBD00020CED7 /* Sources */ = {
			isa = PBXSourcesBuildPhase;
			buildActionMask = 2147483647;
			files = (
				DB33896B2BDFFBD00020CED7 /* ContestTests.swift in Sources */,
			);
			runOnlyForDeploymentPostprocessing = 0;
		};
		DB33896C2BDFFBD00020CED7 /* Sources */ = {
			isa = PBXSourcesBuildPhase;
			buildActionMask = 2147483647;
			files = (
				DB3389752BDFFBD00020CED7 /* ContestUITests.swift in Sources */,
				DB3389772BDFFBD00020CED7 /* ContestUITestsLaunchTests.swift in Sources */,
			);
			runOnlyForDeploymentPostprocessing = 0;
		};
/* End PBXSourcesBuildPhase section */

/* Begin PBXTargetDependency section */
		DB3389682BDFFBD00020CED7 /* PBXTargetDependency */ = {
			isa = PBXTargetDependency;
			target = DB33894F2BDFFBCF0020CED7 /* Contest */;
			targetProxy = DB3389672BDFFBD00020CED7 /* PBXContainerItemProxy */;
		};
		DB3389722BDFFBD00020CED7 /* PBXTargetDependency */ = {
			isa = PBXTargetDependency;
			target = DB33894F2BDFFBCF0020CED7 /* Contest */;
			targetProxy = DB3389712BDFFBD00020CED7 /* PBXContainerItemProxy */;
		};
/* End PBXTargetDependency section */

/* Begin PBXVariantGroup section */
		DB3389592BDFFBCF0020CED7 /* Main.storyboard */ = {
			isa = PBXVariantGroup;
			children = (
				DB33895A2BDFFBCF0020CED7 /* Base */,
			);
			name = Main.storyboard;
			sourceTree = "<group>";
		};
		DB33895E2BDFFBD00020CED7 /* LaunchScreen.storyboard */ = {
			isa = PBXVariantGroup;
			children = (
				DB33895F2BDFFBD00020CED7 /* Base */,
			);
			name = LaunchScreen.storyboard;
			sourceTree = "<group>";
		};
/* End PBXVariantGroup section */

/* Begin XCBuildConfiguration section */
		DB3389782BDFFBD10020CED7 /* Debug */ = {
			isa = XCBuildConfiguration;
			buildSettings = {
				ALWAYS_SEARCH_USER_PATHS = NO;
				ASSETCATALOG_COMPILER_GENERATE_SWIFT_ASSET_SYMBOL_EXTENSIONS = YES;
				CLANG_ANALYZER_NONNULL = YES;
				CLANG_ANALYZER_NUMBER_OBJECT_CONVERSION = YES_AGGRESSIVE;
				CLANG_CXX_LANGUAGE_STANDARD = "gnu++20";
				CLANG_ENABLE_MODULES = YES;
				CLANG_ENABLE_OBJC_ARC = YES;
				CLANG_ENABLE_OBJC_WEAK = YES;
				CLANG_WARN_BLOCK_CAPTURE_AUTORELEASING = YES;
				CLANG_WARN_BOOL_CONVERSION = YES;
				CLANG_WARN_COMMA = YES;
				CLANG_WARN_CONSTANT_CONVERSION = YES;
				CLANG_WARN_DEPRECATED_OBJC_IMPLEMENTATIONS = YES;
				CLANG_WARN_DIRECT_OBJC_ISA_USAGE = YES_ERROR;
				CLANG_WARN_DOCUMENTATION_COMMENTS = YES;
				CLANG_WARN_EMPTY_BODY = YES;
				CLANG_WARN_ENUM_CONVERSION = YES;
				CLANG_WARN_INFINITE_RECURSION = YES;
				CLANG_WARN_INT_CONVERSION = YES;
				CLANG_WARN_NON_LITERAL_NULL_CONVERSION = YES;
				CLANG_WARN_OBJC_IMPLICIT_RETAIN_SELF = YES;
				CLANG_WARN_OBJC_LITERAL_CONVERSION = YES;
				CLANG_WARN_OBJC_ROOT_CLASS = YES_ERROR;
				CLANG_WARN_QUOTED_INCLUDE_IN_FRAMEWORK_HEADER = YES;
				CLANG_WARN_RANGE_LOOP_ANALYSIS = YES;
				CLANG_WARN_STRICT_PROTOTYPES = YES;
				CLANG_WARN_SUSPICIOUS_MOVE = YES;
				CLANG_WARN_UNGUARDED_AVAILABILITY = YES_AGGRESSIVE;
				CLANG_WARN_UNREACHABLE_CODE = YES;
				CLANG_WARN__DUPLICATE_METHOD_MATCH = YES;
				COPY_PHASE_STRIP = NO;
				DEBUG_INFORMATION_FORMAT = dwarf;
				ENABLE_STRICT_OBJC_MSGSEND = YES;
				ENABLE_TESTABILITY = YES;
				ENABLE_USER_SCRIPT_SANDBOXING = YES;
				GCC_C_LANGUAGE_STANDARD = gnu17;
				GCC_DYNAMIC_NO_PIC = NO;
				GCC_NO_COMMON_BLOCKS = YES;
				GCC_OPTIMIZATION_LEVEL = 0;
				GCC_PREPROCESSOR_DEFINITIONS = (
					"DEBUG=1",
					"$(inherited)",
				);
				GCC_WARN_64_TO_32_BIT_CONVERSION = YES;
				GCC_WARN_ABOUT_RETURN_TYPE = YES_ERROR;
				GCC_WARN_UNDECLARED_SELECTOR = YES;
				GCC_WARN_UNINITIALIZED_AUTOS = YES_AGGRESSIVE;
				GCC_WARN_UNUSED_FUNCTION = YES;
				GCC_WARN_UNUSED_VARIABLE = YES;
				IPHONEOS_DEPLOYMENT_TARGET = 17.4;
				LOCALIZATION_PREFERS_STRING_CATALOGS = YES;
				MTL_ENABLE_DEBUG_INFO = INCLUDE_SOURCE;
				MTL_FAST_MATH = YES;
				ONLY_ACTIVE_ARCH = YES;
				SDKROOT = iphoneos;
				SWIFT_ACTIVE_COMPILATION_CONDITIONS = "DEBUG $(inherited)";
				SWIFT_OPTIMIZATION_LEVEL = "-Onone";
			};
			name = Debug;
		};
		DB3389792BDFFBD10020CED7 /* Release */ = {
			isa = XCBuildConfiguration;
			buildSettings = {
				ALWAYS_SEARCH_USER_PATHS = NO;
				ASSETCATALOG_COMPILER_GENERATE_SWIFT_ASSET_SYMBOL_EXTENSIONS = YES;
				CLANG_ANALYZER_NONNULL = YES;
				CLANG_ANALYZER_NUMBER_OBJECT_CONVERSION = YES_AGGRESSIVE;
				CLANG_CXX_LANGUAGE_STANDARD = "gnu++20";
				CLANG_ENABLE_MODULES = YES;
				CLANG_ENABLE_OBJC_ARC = YES;
				CLANG_ENABLE_OBJC_WEAK = YES;
				CLANG_WARN_BLOCK_CAPTURE_AUTORELEASING = YES;
				CLANG_WARN_BOOL_CONVERSION = YES;
				CLANG_WARN_COMMA = YES;
				CLANG_WARN_CONSTANT_CONVERSION = YES;
				CLANG_WARN_DEPRECATED_OBJC_IMPLEMENTATIONS = YES;
				CLANG_WARN_DIRECT_OBJC_ISA_USAGE = YES_ERROR;
				CLANG_WARN_DOCUMENTATION_COMMENTS = YES;
				CLANG_WARN_EMPTY_BODY = YES;
				CLANG_WARN_ENUM_CONVERSION = YES;
				CLANG_WARN_INFINITE_RECURSION = YES;
				CLANG_WARN_INT_CONVERSION = YES;
				CLANG_WARN_NON_LITERAL_NULL_CONVERSION = YES;
				CLANG_WARN_OBJC_IMPLICIT_RETAIN_SELF = YES;
				CLANG_WARN_OBJC_LITERAL_CONVERSION = YES;
				CLANG_WARN_OBJC_ROOT_CLASS = YES_ERROR;
				CLANG_WARN_QUOTED_INCLUDE_IN_FRAMEWORK_HEADER = YES;
				CLANG_WARN_RANGE_LOOP_ANALYSIS = YES;
				CLANG_WARN_STRICT_PROTOTYPES = YES;
				CLANG_WARN_SUSPICIOUS_MOVE = YES;
				CLANG_WARN_UNGUARDED_AVAILABILITY = YES_AGGRESSIVE;
				CLANG_WARN_UNREACHABLE_CODE = YES;
				CLANG_WARN__DUPLICATE_METHOD_MATCH = YES;
				COPY_PHASE_STRIP = NO;
				DEBUG_INFORMATION_FORMAT = "dwarf-with-dsym";
				ENABLE_NS_ASSERTIONS = NO;
				ENABLE_STRICT_OBJC_MSGSEND = YES;
				ENABLE_USER_SCRIPT_SANDBOXING = YES;
				GCC_C_LANGUAGE_STANDARD = gnu17;
				GCC_NO_COMMON_BLOCKS = YES;
				GCC_WARN_64_TO_32_BIT_CONVERSION = YES;
				GCC_WARN_ABOUT_RETURN_TYPE = YES_ERROR;
				GCC_WARN_UNDECLARED_SELECTOR = YES;
				GCC_WARN_UNINITIALIZED_AUTOS = YES_AGGRESSIVE;
				GCC_WARN_UNUSED_FUNCTION = YES;
				GCC_WARN_UNUSED_VARIABLE = YES;
				IPHONEOS_DEPLOYMENT_TARGET = 17.4;
				LOCALIZATION_PREFERS_STRING_CATALOGS = YES;
				MTL_ENABLE_DEBUG_INFO = NO;
				MTL_FAST_MATH = YES;
				SDKROOT = iphoneos;
				SWIFT_COMPILATION_MODE = wholemodule;
				VALIDATE_PRODUCT = YES;
			};
			name = Release;
		};
		DB33897B2BDFFBD10020CED7 /* Debug */ = {
			isa = XCBuildConfiguration;
			buildSettings = {
				ASSETCATALOG_COMPILER_APPICON_NAME = AppIcon;
				ASSETCATALOG_COMPILER_GLOBAL_ACCENT_COLOR_NAME = AccentColor;
				CODE_SIGN_STYLE = Automatic;
				CURRENT_PROJECT_VERSION = 1;
				DEVELOPMENT_TEAM = ZQ9LR78J46;
				GENERATE_INFOPLIST_FILE = YES;
				INFOPLIST_FILE = Contest/Info.plist;
				INFOPLIST_KEY_UIApplicationSupportsIndirectInputEvents = YES;
				INFOPLIST_KEY_UILaunchStoryboardName = LaunchScreen;
				INFOPLIST_KEY_UIMainStoryboardFile = Main;
				INFOPLIST_KEY_UISupportedInterfaceOrientations_iPad = "UIInterfaceOrientationPortrait UIInterfaceOrientationPortraitUpsideDown UIInterfaceOrientationLandscapeLeft UIInterfaceOrientationLandscapeRight";
				INFOPLIST_KEY_UISupportedInterfaceOrientations_iPhone = "UIInterfaceOrientationPortrait UIInterfaceOrientationLandscapeLeft UIInterfaceOrientationLandscapeRight";
				LD_RUNPATH_SEARCH_PATHS = (
					"$(inherited)",
					"@executable_path/Frameworks",
				);
				MARKETING_VERSION = 1.0;
				PRODUCT_BUNDLE_IDENTIFIER = com.Cesar.Contest;
				PRODUCT_NAME = "$(TARGET_NAME)";
				SWIFT_EMIT_LOC_STRINGS = YES;
				SWIFT_VERSION = 5.0;
				TARGETED_DEVICE_FAMILY = "1,2";
			};
			name = Debug;
		};
		DB33897C2BDFFBD10020CED7 /* Release */ = {
			isa = XCBuildConfiguration;
			buildSettings = {
				ASSETCATALOG_COMPILER_APPICON_NAME = AppIcon;
				ASSETCATALOG_COMPILER_GLOBAL_ACCENT_COLOR_NAME = AccentColor;
				CODE_SIGN_STYLE = Automatic;
				CURRENT_PROJECT_VERSION = 1;
				DEVELOPMENT_TEAM = ZQ9LR78J46;
				GENERATE_INFOPLIST_FILE = YES;
				INFOPLIST_FILE = Contest/Info.plist;
				INFOPLIST_KEY_UIApplicationSupportsIndirectInputEvents = YES;
				INFOPLIST_KEY_UILaunchStoryboardName = LaunchScreen;
				INFOPLIST_KEY_UIMainStoryboardFile = Main;
				INFOPLIST_KEY_UISupportedInterfaceOrientations_iPad = "UIInterfaceOrientationPortrait UIInterfaceOrientationPortraitUpsideDown UIInterfaceOrientationLandscapeLeft UIInterfaceOrientationLandscapeRight";
				INFOPLIST_KEY_UISupportedInterfaceOrientations_iPhone = "UIInterfaceOrientationPortrait UIInterfaceOrientationLandscapeLeft UIInterfaceOrientationLandscapeRight";
				LD_RUNPATH_SEARCH_PATHS = (
					"$(inherited)",
					"@executable_path/Frameworks",
				);
				MARKETING_VERSION = 1.0;
				PRODUCT_BUNDLE_IDENTIFIER = com.Cesar.Contest;
				PRODUCT_NAME = "$(TARGET_NAME)";
				SWIFT_EMIT_LOC_STRINGS = YES;
				SWIFT_VERSION = 5.0;
				TARGETED_DEVICE_FAMILY = "1,2";
			};
			name = Release;
		};
		DB33897E2BDFFBD10020CED7 /* Debug */ = {
			isa = XCBuildConfiguration;
			buildSettings = {
				ALWAYS_EMBED_SWIFT_STANDARD_LIBRARIES = YES;
				BUNDLE_LOADER = "$(TEST_HOST)";
				CODE_SIGN_STYLE = Automatic;
				CURRENT_PROJECT_VERSION = 1;
				DEVELOPMENT_TEAM = ZQ9LR78J46;
				GENERATE_INFOPLIST_FILE = YES;
				IPHONEOS_DEPLOYMENT_TARGET = 17.4;
				MARKETING_VERSION = 1.0;
				PRODUCT_BUNDLE_IDENTIFIER = com.Cesar.ContestTests;
				PRODUCT_NAME = "$(TARGET_NAME)";
				SWIFT_EMIT_LOC_STRINGS = NO;
				SWIFT_VERSION = 5.0;
				TARGETED_DEVICE_FAMILY = "1,2";
				TEST_HOST = "$(BUILT_PRODUCTS_DIR)/Contest.app/$(BUNDLE_EXECUTABLE_FOLDER_PATH)/Contest";
			};
			name = Debug;
		};
		DB33897F2BDFFBD10020CED7 /* Release */ = {
			isa = XCBuildConfiguration;
			buildSettings = {
				ALWAYS_EMBED_SWIFT_STANDARD_LIBRARIES = YES;
				BUNDLE_LOADER = "$(TEST_HOST)";
				CODE_SIGN_STYLE = Automatic;
				CURRENT_PROJECT_VERSION = 1;
				DEVELOPMENT_TEAM = ZQ9LR78J46;
				GENERATE_INFOPLIST_FILE = YES;
				IPHONEOS_DEPLOYMENT_TARGET = 17.4;
				MARKETING_VERSION = 1.0;
				PRODUCT_BUNDLE_IDENTIFIER = com.Cesar.ContestTests;
				PRODUCT_NAME = "$(TARGET_NAME)";
				SWIFT_EMIT_LOC_STRINGS = NO;
				SWIFT_VERSION = 5.0;
				TARGETED_DEVICE_FAMILY = "1,2";
				TEST_HOST = "$(BUILT_PRODUCTS_DIR)/Contest.app/$(BUNDLE_EXECUTABLE_FOLDER_PATH)/Contest";
			};
			name = Release;
		};
		DB3389812BDFFBD10020CED7 /* Debug */ = {
			isa = XCBuildConfiguration;
			buildSettings = {
				ALWAYS_EMBED_SWIFT_STANDARD_LIBRARIES = YES;
				CODE_SIGN_STYLE = Automatic;
				CURRENT_PROJECT_VERSION = 1;
				DEVELOPMENT_TEAM = ZQ9LR78J46;
				GENERATE_INFOPLIST_FILE = YES;
				MARKETING_VERSION = 1.0;
				PRODUCT_BUNDLE_IDENTIFIER = com.Cesar.ContestUITests;
				PRODUCT_NAME = "$(TARGET_NAME)";
				SWIFT_EMIT_LOC_STRINGS = NO;
				SWIFT_VERSION = 5.0;
				TARGETED_DEVICE_FAMILY = "1,2";
				TEST_TARGET_NAME = Contest;
			};
			name = Debug;
		};
		DB3389822BDFFBD10020CED7 /* Release */ = {
			isa = XCBuildConfiguration;
			buildSettings = {
				ALWAYS_EMBED_SWIFT_STANDARD_LIBRARIES = YES;
				CODE_SIGN_STYLE = Automatic;
				CURRENT_PROJECT_VERSION = 1;
				DEVELOPMENT_TEAM = ZQ9LR78J46;
				GENERATE_INFOPLIST_FILE = YES;
				MARKETING_VERSION = 1.0;
				PRODUCT_BUNDLE_IDENTIFIER = com.Cesar.ContestUITests;
				PRODUCT_NAME = "$(TARGET_NAME)";
				SWIFT_EMIT_LOC_STRINGS = NO;
				SWIFT_VERSION = 5.0;
				TARGETED_DEVICE_FAMILY = "1,2";
				TEST_TARGET_NAME = Contest;
			};
			name = Release;
		};
/* End XCBuildConfiguration section */

/* Begin XCConfigurationList section */
		DB33894B2BDFFBCF0020CED7 /* Build configuration list for PBXProject "Contest" */ = {
			isa = XCConfigurationList;
			buildConfigurations = (
				DB3389782BDFFBD10020CED7 /* Debug */,
				DB3389792BDFFBD10020CED7 /* Release */,
			);
			defaultConfigurationIsVisible = 0;
			defaultConfigurationName = Release;
		};
		DB33897A2BDFFBD10020CED7 /* Build configuration list for PBXNativeTarget "Contest" */ = {
			isa = XCConfigurationList;
			buildConfigurations = (
				DB33897B2BDFFBD10020CED7 /* Debug */,
				DB33897C2BDFFBD10020CED7 /* Release */,
			);
			defaultConfigurationIsVisible = 0;
			defaultConfigurationName = Release;
		};
		DB33897D2BDFFBD10020CED7 /* Build configuration list for PBXNativeTarget "ContestTests" */ = {
			isa = XCConfigurationList;
			buildConfigurations = (
				DB33897E2BDFFBD10020CED7 /* Debug */,
				DB33897F2BDFFBD10020CED7 /* Release */,
			);
			defaultConfigurationIsVisible = 0;
			defaultConfigurationName = Release;
		};
		DB3389802BDFFBD10020CED7 /* Build configuration list for PBXNativeTarget "ContestUITests" */ = {
			isa = XCConfigurationList;
			buildConfigurations = (
				DB3389812BDFFBD10020CED7 /* Debug */,
				DB3389822BDFFBD10020CED7 /* Release */,
			);
			defaultConfigurationIsVisible = 0;
			defaultConfigurationName = Release;
		};
/* End XCConfigurationList section */
	};
	rootObject = DB3389482BDFFBCF0020CED7 /* Project object */;
}
